<?xml version="1.0" encoding="utf-8"?>
<Project ToolsVersion="4.0" xmlns="http://schemas.microsoft.com/developer/msbuild/2003">
  <ItemGroup>
    <Filter Include="Source Files">
      <UniqueIdentifier>{4FC737F1-C7A5-4376-A066-2A32D752A2FF}</UniqueIdentifier>
      <Extensions>cpp;c;cc;cxx;def;odl;idl;hpj;bat;asm;asmx</Extensions>
    </Filter>
    <Filter Include="Header Files">
      <UniqueIdentifier>{93995380-89BD-4b04-88EB-625FBE52EBFB}</UniqueIdentifier>
      <Extensions>h;hh;hpp;hxx;hm;inl;inc;ipp;xsd</Extensions>
    </Filter>
    <Filter Include="Resource Files">
      <UniqueIdentifier>{67DA6AB6-F800-4c08-8B7A-83BB121AAD01}</UniqueIdentifier>
      <Extensions>rc;ico;cur;bmp;dlg;rc2;rct;bin;rgs;gif;jpg;jpeg;jpe;resx;tiff;tif;png;wav;mfcribbon-ms</Extensions>
    </Filter>
  </ItemGroup>
  <ItemGroup>
    <ClCompile Include="src\ADR.cpp">
      <Filter>Source Files</Filter>
    </ClCompile>
    <ClCompile Include="src\AGCmain.cpp">
      <Filter>Source Files</Filter>
    </ClCompile>
    <ClCompile Include="src\ALU.cpp">
      <Filter>Source Files</Filter>
    </ClCompile>
    <ClCompile Include="src\BUS.cpp">
      <Filter>Source Files</Filter>
    </ClCompile>
    <ClCompile Include="src\CLK.cpp">
      <Filter>Source Files</Filter>
    </ClCompile>
    <ClCompile Include="src\CPM.cpp">
      <Filter>Source Files</Filter>
    </ClCompile>
    <ClCompile Include="src\CRG.cpp">
      <Filter>Source Files</Filter>
    </ClCompile>
    <ClCompile Include="src\CTR.cpp">
      <Filter>Source Files</Filter>
    </ClCompile>
    <ClCompile Include="src\DSP.cpp">
      <Filter>Source Files</Filter>
    </ClCompile>
    <ClCompile Include="src\INP.cpp">
      <Filter>Source Files</Filter>
    </ClCompile>
    <ClCompile Include="src\INT.cpp">
      <Filter>Source Files</Filter>
    </ClCompile>
    <ClCompile Include="src\ISD.cpp">
      <Filter>Source Files</Filter>
    </ClCompile>
    <ClCompile Include="src\KBD.cpp">
      <Filter>Source Files</Filter>
    </ClCompile>
    <ClCompile Include="src\MBF.cpp">
      <Filter>Source Files</Filter>
    </ClCompile>
    <ClCompile Include="src\MEM.cpp">
      <Filter>Source Files</Filter>
    </ClCompile>
    <ClCompile Include="src\MON.cpp">
      <Filter>Source Files</Filter>
    </ClCompile>
    <ClCompile Include="src\OUT.cpp">
      <Filter>Source Files</Filter>
    </ClCompile>
    <ClCompile Include="src\PAR.cpp">
      <Filter>Source Files</Filter>
    </ClCompile>
    <ClCompile Include="src\reg.cpp">
      <Filter>Source Files</Filter>
    </ClCompile>
    <ClCompile Include="src\SCL.cpp">
      <Filter>Source Files</Filter>
    </ClCompile>
    <ClCompile Include="src\SEQ.cpp">
      <Filter>Source Files</Filter>
    </ClCompile>
    <ClCompile Include="src\TPG.cpp">
      <Filter>Source Files</Filter>
    </ClCompile>
  </ItemGroup>
  <ItemGroup>
    <ClInclude Include="src\ADR.h">
      <Filter>Header Files</Filter>
    </ClInclude>
    <ClInclude Include="src\ALU.h">
      <Filter>Header Files</Filter>
    </ClInclude>
    <ClInclude Include="src\BUS.h">
      <Filter>Header Files</Filter>
    </ClInclude>
    <ClInclude Include="src\CLK.h">
      <Filter>Header Files</Filter>
    </ClInclude>
    <ClInclude Include="src\CPM.h">
      <Filter>Header Files</Filter>
    </ClInclude>
    <ClInclude Include="src\CRG.h">
      <Filter>Header Files</Filter>
    </ClInclude>
    <ClInclude Include="src\CTR.h">
      <Filter>Header Files</Filter>
    </ClInclude>
    <ClInclude Include="src\DSP.h">
      <Filter>Header Files</Filter>
    </ClInclude>
    <ClInclude Include="src\INP.h">
      <Filter>Header Files</Filter>
    </ClInclude>
    <ClInclude Include="src\INT.h">
      <Filter>Header Files</Filter>
    </ClInclude>
    <ClInclude Include="src\ISD.h">
      <Filter>Header Files</Filter>
    </ClInclude>
    <ClInclude Include="src\KBD.h">
      <Filter>Header Files</Filter>
    </ClInclude>
    <ClInclude Include="src\MBF.h">
      <Filter>Header Files</Filter>
    </ClInclude>
    <ClInclude Include="src\MEM.h">
      <Filter>Header Files</Filter>
    </ClInclude>
    <ClInclude Include="src\MON.h">
      <Filter>Header Files</Filter>
    </ClInclude>
    <ClInclude Include="src\OUT.h">
      <Filter>Header Files</Filter>
    </ClInclude>
    <ClInclude Include="src\PAR.h">
      <Filter>Header Files</Filter>
    </ClInclude>
    <ClInclude Include="src\reg.h">
      <Filter>Header Files</Filter>
    </ClInclude>
    <ClInclude Include="src\SCL.h">
      <Filter>Header Files</Filter>
    </ClInclude>
    <ClInclude Include="src\SEQ.h">
      <Filter>Header Files</Filter>
    </ClInclude>
    <ClInclude Include="src\TPG.h">
      <Filter>Header Files</Filter>
    </ClInclude>
  </ItemGroup>
</Project>